
Microsoft Visual Studio Solution File, Format Version 12.00
# Visual Studio Version 17
VisualStudioVersion = 17.8.34322.80
MinimumVisualStudioVersion = 10.0.40219.1
Project("{FAE04EC0-301F-11D3-BF4B-00C04F79EFBC}") = "ListaExercicios1234", "ListaExercicios1234\ListaExercicios1234.csproj", "{86AAF552-74EA-4005-AA7A-9FF8205E1573}"
EndProject
Global
	GlobalSection(SolutionConfigurationPlatforms) = preSolution
		Debug|Any CPU = Debug|Any CPU
		Release|Any CPU = Release|Any CPU
	EndGlobalSection
	GlobalSection(ProjectConfigurationPlatforms) = postSolution
		{86AAF552-74EA-4005-AA7A-9FF8205E1573}.Debug|Any CPU.ActiveCfg = Debug|Any CPU
		{86AAF552-74EA-4005-AA7A-9FF8205E1573}.Debug|Any CPU.Build.0 = Debug|Any CPU
		{86AAF552-74EA-4005-AA7A-9FF8205E1573}.Release|Any CPU.ActiveCfg = Release|Any CPU
		{86AAF552-74EA-4005-AA7A-9FF8205E1573}.Release|Any CPU.Build.0 = Release|Any CPU
	EndGlobalSection
	GlobalSection(SolutionProperties) = preSolution
		HideSolutionNode = FALSE
	EndGlobalSection
	GlobalSection(ExtensibilityGlobals) = postSolution
		SolutionGuid = {A3565C41-CF51-4919-8D03-AC3584052D06}
	EndGlobalSection
EndGlobal
